
Microsoft Visual Studio Solution File, Format Version 12.00
# Visual Studio Version 17
VisualStudioVersion = 17.5.002.0
MinimumVisualStudioVersion = 10.0.40219.1
Project("{9A19103F-16F7-4668-BE54-9A1E7A4F7556}") = "Task2", "Task2.csproj", "{4039C1E3-1A08-48BC-B968-7717869E9EA3}"
EndProject
Global
	GlobalSection(SolutionConfigurationPlatforms) = preSolution
		Debug|Any CPU = Debug|Any CPU
		Release|Any CPU = Release|Any CPU
	EndGlobalSection
	GlobalSection(ProjectConfigurationPlatforms) = postSolution
		{4039C1E3-1A08-48BC-B968-7717869E9EA3}.Debug|Any CPU.ActiveCfg = Debug|Any CPU
		{4039C1E3-1A08-48BC-B968-7717869E9EA3}.Debug|Any CPU.Build.0 = Debug|Any CPU
		{4039C1E3-1A08-48BC-B968-7717869E9EA3}.Release|Any CPU.ActiveCfg = Release|Any CPU
		{4039C1E3-1A08-48BC-B968-7717869E9EA3}.Release|Any CPU.Build.0 = Release|Any CPU
	EndGlobalSection
	GlobalSection(SolutionProperties) = preSolution
		HideSolutionNode = FALSE
	EndGlobalSection
	GlobalSection(ExtensibilityGlobals) = postSolution
		SolutionGuid = {7095B6E1-3A51-4B71-ACD1-A82B3DECAF8B}
	EndGlobalSection
EndGlobal
